// !$*UTF8*$!
{
	archiveVersion = 1;
	classes = {
	};
	objectVersion = 46;
	objects = {

/* Begin PBXBuildFile section */
		09FBD6D956B14F7BACE180D6 /* libPods.a in Frameworks */ = {isa = PBXBuildFile; fileRef = C2C63AC4EDE64A83BF385FE2 /* libPods.a */; };
		FC45C84919284CF70064D2EC /* SearchingBox.m in Sources */ = {isa = PBXBuildFile; fileRef = FC45C84719284CF70064D2EC /* SearchingBox.m */; };
		FC45C84A19284CF70064D2EC /* SearchingBox.xib in Resources */ = {isa = PBXBuildFile; fileRef = FC45C84819284CF70064D2EC /* SearchingBox.xib */; };
		FC585A3C1928386D0096B8DE /* Foundation.framework in Frameworks */ = {isa = PBXBuildFile; fileRef = FC585A3B1928386D0096B8DE /* Foundation.framework */; };
		FC585A3E1928386D0096B8DE /* CoreGraphics.framework in Frameworks */ = {isa = PBXBuildFile; fileRef = FC585A3D1928386D0096B8DE /* CoreGraphics.framework */; };
		FC585A401928386D0096B8DE /* UIKit.framework in Frameworks */ = {isa = PBXBuildFile; fileRef = FC585A3F1928386D0096B8DE /* UIKit.framework */; };
		FC585A461928386D0096B8DE /* InfoPlist.strings in Resources */ = {isa = PBXBuildFile; fileRef = FC585A441928386D0096B8DE /* InfoPlist.strings */; };
		FC585A481928386D0096B8DE /* main.m in Sources */ = {isa = PBXBuildFile; fileRef = FC585A471928386D0096B8DE /* main.m */; };
		FC585A4C1928386D0096B8DE /* AppDelegate.m in Sources */ = {isa = PBXBuildFile; fileRef = FC585A4B1928386D0096B8DE /* AppDelegate.m */; };
		FC585A4F1928386D0096B8DE /* Main.storyboard in Resources */ = {isa = PBXBuildFile; fileRef = FC585A4D1928386D0096B8DE /* Main.storyboard */; };
		FC585A521928386D0096B8DE /* ViewController.m in Sources */ = {isa = PBXBuildFile; fileRef = FC585A511928386D0096B8DE /* ViewController.m */; };
		FC585A541928386D0096B8DE /* Images.xcassets in Resources */ = {isa = PBXBuildFile; fileRef = FC585A531928386D0096B8DE /* Images.xcassets */; };
		FC585A5B1928386D0096B8DE /* XCTest.framework in Frameworks */ = {isa = PBXBuildFile; fileRef = FC585A5A1928386D0096B8DE /* XCTest.framework */; };
		FC585A5C1928386D0096B8DE /* Foundation.framework in Frameworks */ = {isa = PBXBuildFile; fileRef = FC585A3B1928386D0096B8DE /* Foundation.framework */; };
		FC585A5D1928386D0096B8DE /* UIKit.framework in Frameworks */ = {isa = PBXBuildFile; fileRef = FC585A3F1928386D0096B8DE /* UIKit.framework */; };
		FC585A651928386D0096B8DE /* InfoPlist.strings in Resources */ = {isa = PBXBuildFile; fileRef = FC585A631928386D0096B8DE /* InfoPlist.strings */; };
		FC585A671928386D0096B8DE /* iOSCon_FindMyEstimoteTests.m in Sources */ = {isa = PBXBuildFile; fileRef = FC585A661928386D0096B8DE /* iOSCon_FindMyEstimoteTests.m */; };
		FC585A7219283A850096B8DE /* back-arrow.png in Resources */ = {isa = PBXBuildFile; fileRef = FC585A7019283A850096B8DE /* back-arrow.png */; };
		FC585A7319283A850096B8DE /* estimote.png in Resources */ = {isa = PBXBuildFile; fileRef = FC585A7119283A850096B8DE /* estimote.png */; };
		FC585A7619283E150096B8DE /* CAGradientLayer+FMEGradients.m in Sources */ = {isa = PBXBuildFile; fileRef = FC585A7519283E150096B8DE /* CAGradientLayer+FMEGradients.m */; };
		FC585A7A192840230096B8DE /* HowToPlayViewController.m in Sources */ = {isa = PBXBuildFile; fileRef = FC585A79192840230096B8DE /* HowToPlayViewController.m */; };
		FC585A801928423F0096B8DE /* StateViewController.m in Sources */ = {isa = PBXBuildFile; fileRef = FC585A7F1928423F0096B8DE /* StateViewController.m */; };
		FC585A841928461B0096B8DE /* SeekPanelViewController.m in Sources */ = {isa = PBXBuildFile; fileRef = FC585A831928461B0096B8DE /* SeekPanelViewController.m */; };
		FCA2703E19285054002C454E /* SeekPanelView.m in Sources */ = {isa = PBXBuildFile; fileRef = FCA2703C19285054002C454E /* SeekPanelView.m */; };
		FCA2703F19285054002C454E /* SeekPanelView.xib in Resources */ = {isa = PBXBuildFile; fileRef = FCA2703D19285054002C454E /* SeekPanelView.xib */; };
/* End PBXBuildFile section */

/* Begin PBXContainerItemProxy section */
		FC585A5E1928386D0096B8DE /* PBXContainerItemProxy */ = {
			isa = PBXContainerItemProxy;
			containerPortal = FC585A301928386D0096B8DE /* Project object */;
			proxyType = 1;
			remoteGlobalIDString = FC585A371928386D0096B8DE;
			remoteInfo = "iOSCon-FindMyEstimote";
		};
/* End PBXContainerItemProxy section */

/* Begin PBXFileReference section */
		4818730F25744785A448190B /* Pods.xcconfig */ = {isa = PBXFileReference; includeInIndex = 1; lastKnownFileType = text.xcconfig; name = Pods.xcconfig; path = Pods/Pods.xcconfig; sourceTree = "<group>"; };
		C2C63AC4EDE64A83BF385FE2 /* libPods.a */ = {isa = PBXFileReference; explicitFileType = archive.ar; includeInIndex = 0; path = libPods.a; sourceTree = BUILT_PRODUCTS_DIR; };
		FC45C84619284CF70064D2EC /* SearchingBox.h */ = {isa = PBXFileReference; fileEncoding = 4; lastKnownFileType = sourcecode.c.h; path = SearchingBox.h; sourceTree = "<group>"; };
		FC45C84719284CF70064D2EC /* SearchingBox.m */ = {isa = PBXFileReference; fileEncoding = 4; lastKnownFileType = sourcecode.c.objc; path = SearchingBox.m; sourceTree = "<group>"; };
		FC45C84819284CF70064D2EC /* SearchingBox.xib */ = {isa = PBXFileReference; fileEncoding = 4; lastKnownFileType = file.xib; path = SearchingBox.xib; sourceTree = "<group>"; };
		FC585A381928386D0096B8DE /* iOSCon-FindMyEstimote.app */ = {isa = PBXFileReference; explicitFileType = wrapper.application; includeInIndex = 0; path = "iOSCon-FindMyEstimote.app"; sourceTree = BUILT_PRODUCTS_DIR; };
		FC585A3B1928386D0096B8DE /* Foundation.framework */ = {isa = PBXFileReference; lastKnownFileType = wrapper.framework; name = Foundation.framework; path = System/Library/Frameworks/Foundation.framework; sourceTree = SDKROOT; };
		FC585A3D1928386D0096B8DE /* CoreGraphics.framework */ = {isa = PBXFileReference; lastKnownFileType = wrapper.framework; name = CoreGraphics.framework; path = System/Library/Frameworks/CoreGraphics.framework; sourceTree = SDKROOT; };
		FC585A3F1928386D0096B8DE /* UIKit.framework */ = {isa = PBXFileReference; lastKnownFileType = wrapper.framework; name = UIKit.framework; path = System/Library/Frameworks/UIKit.framework; sourceTree = SDKROOT; };
		FC585A431928386D0096B8DE /* iOSCon-FindMyEstimote-Info.plist */ = {isa = PBXFileReference; lastKnownFileType = text.plist.xml; path = "iOSCon-FindMyEstimote-Info.plist"; sourceTree = "<group>"; };
		FC585A451928386D0096B8DE /* en */ = {isa = PBXFileReference; lastKnownFileType = text.plist.strings; name = en; path = en.lproj/InfoPlist.strings; sourceTree = "<group>"; };
		FC585A471928386D0096B8DE /* main.m */ = {isa = PBXFileReference; lastKnownFileType = sourcecode.c.objc; path = main.m; sourceTree = "<group>"; };
		FC585A491928386D0096B8DE /* iOSCon-FindMyEstimote-Prefix.pch */ = {isa = PBXFileReference; lastKnownFileType = sourcecode.c.h; path = "iOSCon-FindMyEstimote-Prefix.pch"; sourceTree = "<group>"; };
		FC585A4A1928386D0096B8DE /* AppDelegate.h */ = {isa = PBXFileReference; lastKnownFileType = sourcecode.c.h; path = AppDelegate.h; sourceTree = "<group>"; };
		FC585A4B1928386D0096B8DE /* AppDelegate.m */ = {isa = PBXFileReference; lastKnownFileType = sourcecode.c.objc; path = AppDelegate.m; sourceTree = "<group>"; };
		FC585A4E1928386D0096B8DE /* Base */ = {isa = PBXFileReference; lastKnownFileType = file.storyboard; name = Base; path = Base.lproj/Main.storyboard; sourceTree = "<group>"; };
		FC585A501928386D0096B8DE /* ViewController.h */ = {isa = PBXFileReference; lastKnownFileType = sourcecode.c.h; path = ViewController.h; sourceTree = "<group>"; };
		FC585A511928386D0096B8DE /* ViewController.m */ = {isa = PBXFileReference; lastKnownFileType = sourcecode.c.objc; path = ViewController.m; sourceTree = "<group>"; };
		FC585A531928386D0096B8DE /* Images.xcassets */ = {isa = PBXFileReference; lastKnownFileType = folder.assetcatalog; path = Images.xcassets; sourceTree = "<group>"; };
		FC585A591928386D0096B8DE /* iOSCon-FindMyEstimoteTests.xctest */ = {isa = PBXFileReference; explicitFileType = wrapper.cfbundle; includeInIndex = 0; path = "iOSCon-FindMyEstimoteTests.xctest"; sourceTree = BUILT_PRODUCTS_DIR; };
		FC585A5A1928386D0096B8DE /* XCTest.framework */ = {isa = PBXFileReference; lastKnownFileType = wrapper.framework; name = XCTest.framework; path = Library/Frameworks/XCTest.framework; sourceTree = DEVELOPER_DIR; };
		FC585A621928386D0096B8DE /* iOSCon-FindMyEstimoteTests-Info.plist */ = {isa = PBXFileReference; lastKnownFileType = text.plist.xml; path = "iOSCon-FindMyEstimoteTests-Info.plist"; sourceTree = "<group>"; };
		FC585A641928386D0096B8DE /* en */ = {isa = PBXFileReference; lastKnownFileType = text.plist.strings; name = en; path = en.lproj/InfoPlist.strings; sourceTree = "<group>"; };
		FC585A661928386D0096B8DE /* iOSCon_FindMyEstimoteTests.m */ = {isa = PBXFileReference; lastKnownFileType = sourcecode.c.objc; path = iOSCon_FindMyEstimoteTests.m; sourceTree = "<group>"; };
		FC585A7019283A850096B8DE /* back-arrow.png */ = {isa = PBXFileReference; lastKnownFileType = image.png; path = "back-arrow.png"; sourceTree = "<group>"; };
		FC585A7119283A850096B8DE /* estimote.png */ = {isa = PBXFileReference; lastKnownFileType = image.png; path = estimote.png; sourceTree = "<group>"; };
		FC585A7419283E150096B8DE /* CAGradientLayer+FMEGradients.h */ = {isa = PBXFileReference; fileEncoding = 4; lastKnownFileType = sourcecode.c.h; path = "CAGradientLayer+FMEGradients.h"; sourceTree = "<group>"; };
		FC585A7519283E150096B8DE /* CAGradientLayer+FMEGradients.m */ = {isa = PBXFileReference; fileEncoding = 4; lastKnownFileType = sourcecode.c.objc; path = "CAGradientLayer+FMEGradients.m"; sourceTree = "<group>"; };
		FC585A78192840230096B8DE /* HowToPlayViewController.h */ = {isa = PBXFileReference; fileEncoding = 4; lastKnownFileType = sourcecode.c.h; path = HowToPlayViewController.h; sourceTree = "<group>"; };
		FC585A79192840230096B8DE /* HowToPlayViewController.m */ = {isa = PBXFileReference; fileEncoding = 4; lastKnownFileType = sourcecode.c.objc; path = HowToPlayViewController.m; sourceTree = "<group>"; };
		FC585A7E1928423F0096B8DE /* StateViewController.h */ = {isa = PBXFileReference; fileEncoding = 4; lastKnownFileType = sourcecode.c.h; path = StateViewController.h; sourceTree = "<group>"; };
		FC585A7F1928423F0096B8DE /* StateViewController.m */ = {isa = PBXFileReference; fileEncoding = 4; lastKnownFileType = sourcecode.c.objc; path = StateViewController.m; sourceTree = "<group>"; };
		FC585A821928461B0096B8DE /* SeekPanelViewController.h */ = {isa = PBXFileReference; fileEncoding = 4; lastKnownFileType = sourcecode.c.h; path = SeekPanelViewController.h; sourceTree = "<group>"; };
		FC585A831928461B0096B8DE /* SeekPanelViewController.m */ = {isa = PBXFileReference; fileEncoding = 4; lastKnownFileType = sourcecode.c.objc; path = SeekPanelViewController.m; sourceTree = "<group>"; };
		FCA2703B19285054002C454E /* SeekPanelView.h */ = {isa = PBXFileReference; fileEncoding = 4; lastKnownFileType = sourcecode.c.h; path = SeekPanelView.h; sourceTree = "<group>"; };
		FCA2703C19285054002C454E /* SeekPanelView.m */ = {isa = PBXFileReference; fileEncoding = 4; lastKnownFileType = sourcecode.c.objc; path = SeekPanelView.m; sourceTree = "<group>"; };
		FCA2703D19285054002C454E /* SeekPanelView.xib */ = {isa = PBXFileReference; fileEncoding = 4; lastKnownFileType = file.xib; path = SeekPanelView.xib; sourceTree = "<group>"; };
/* End PBXFileReference section */

/* Begin PBXFrameworksBuildPhase section */
		FC585A351928386D0096B8DE /* Frameworks */ = {
			isa = PBXFrameworksBuildPhase;
			buildActionMask = 2147483647;
			files = (
				FC585A3E1928386D0096B8DE /* CoreGraphics.framework in Frameworks */,
				FC585A401928386D0096B8DE /* UIKit.framework in Frameworks */,
				FC585A3C1928386D0096B8DE /* Foundation.framework in Frameworks */,
				09FBD6D956B14F7BACE180D6 /* libPods.a in Frameworks */,
			);
			runOnlyForDeploymentPostprocessing = 0;
		};
		FC585A561928386D0096B8DE /* Frameworks */ = {
			isa = PBXFrameworksBuildPhase;
			buildActionMask = 2147483647;
			files = (
				FC585A5B1928386D0096B8DE /* XCTest.framework in Frameworks */,
				FC585A5D1928386D0096B8DE /* UIKit.framework in Frameworks */,
				FC585A5C1928386D0096B8DE /* Foundation.framework in Frameworks */,
			);
			runOnlyForDeploymentPostprocessing = 0;
		};
/* End PBXFrameworksBuildPhase section */

/* Begin PBXGroup section */
		FC45C84B19284D000064D2EC /* SearchingBox */ = {
			isa = PBXGroup;
			children = (
				FC45C84619284CF70064D2EC /* SearchingBox.h */,
				FC45C84719284CF70064D2EC /* SearchingBox.m */,
				FC45C84819284CF70064D2EC /* SearchingBox.xib */,
			);
			name = SearchingBox;
			sourceTree = "<group>";
		};
		FC585A2F1928386D0096B8DE = {
			isa = PBXGroup;
			children = (
				FC585A411928386D0096B8DE /* iOSCon-FindMyEstimote */,
				FC585A601928386D0096B8DE /* iOSCon-FindMyEstimoteTests */,
				FC585A3A1928386D0096B8DE /* Frameworks */,
				FC585A391928386D0096B8DE /* Products */,
				4818730F25744785A448190B /* Pods.xcconfig */,
			);
			sourceTree = "<group>";
		};
		FC585A391928386D0096B8DE /* Products */ = {
			isa = PBXGroup;
			children = (
				FC585A381928386D0096B8DE /* iOSCon-FindMyEstimote.app */,
				FC585A591928386D0096B8DE /* iOSCon-FindMyEstimoteTests.xctest */,
			);
			name = Products;
			sourceTree = "<group>";
		};
		FC585A3A1928386D0096B8DE /* Frameworks */ = {
			isa = PBXGroup;
			children = (
				FC585A3B1928386D0096B8DE /* Foundation.framework */,
				FC585A3D1928386D0096B8DE /* CoreGraphics.framework */,
				FC585A3F1928386D0096B8DE /* UIKit.framework */,
				FC585A5A1928386D0096B8DE /* XCTest.framework */,
				C2C63AC4EDE64A83BF385FE2 /* libPods.a */,
			);
			name = Frameworks;
			sourceTree = "<group>";
		};
		FC585A411928386D0096B8DE /* iOSCon-FindMyEstimote */ = {
			isa = PBXGroup;
			children = (
				FC585A4A1928386D0096B8DE /* AppDelegate.h */,
				FC585A4B1928386D0096B8DE /* AppDelegate.m */,
				FC585A4D1928386D0096B8DE /* Main.storyboard */,
				FC585A7B1928402E0096B8DE /* MenuViewController */,
				FC585A81192842440096B8DE /* StateViewController */,
				FC585A85192846210096B8DE /* SeekPanelViewController */,
				FC585A7C1928403A0096B8DE /* HowToPlayViewController */,
				FC585A531928386D0096B8DE /* Images.xcassets */,
				FC585A421928386D0096B8DE /* Supporting Files */,
			);
			path = "iOSCon-FindMyEstimote";
			sourceTree = "<group>";
		};
		FC585A421928386D0096B8DE /* Supporting Files */ = {
			isa = PBXGroup;
			children = (
				FC585A7719283E190096B8DE /* Color */,
				FC585A7019283A850096B8DE /* back-arrow.png */,
				FC585A7119283A850096B8DE /* estimote.png */,
				FC585A431928386D0096B8DE /* iOSCon-FindMyEstimote-Info.plist */,
				FC585A441928386D0096B8DE /* InfoPlist.strings */,
				FC585A471928386D0096B8DE /* main.m */,
				FC585A491928386D0096B8DE /* iOSCon-FindMyEstimote-Prefix.pch */,
			);
			name = "Supporting Files";
			sourceTree = "<group>";
		};
		FC585A601928386D0096B8DE /* iOSCon-FindMyEstimoteTests */ = {
			isa = PBXGroup;
			children = (
				FC585A661928386D0096B8DE /* iOSCon_FindMyEstimoteTests.m */,
				FC585A611928386D0096B8DE /* Supporting Files */,
			);
			path = "iOSCon-FindMyEstimoteTests";
			sourceTree = "<group>";
		};
		FC585A611928386D0096B8DE /* Supporting Files */ = {
			isa = PBXGroup;
			children = (
				FC585A621928386D0096B8DE /* iOSCon-FindMyEstimoteTests-Info.plist */,
				FC585A631928386D0096B8DE /* InfoPlist.strings */,
			);
			name = "Supporting Files";
			sourceTree = "<group>";
		};
		FC585A7719283E190096B8DE /* Color */ = {
			isa = PBXGroup;
			children = (
				FC585A7419283E150096B8DE /* CAGradientLayer+FMEGradients.h */,
				FC585A7519283E150096B8DE /* CAGradientLayer+FMEGradients.m */,
			);
			name = Color;
			sourceTree = "<group>";
		};
		FC585A7B1928402E0096B8DE /* MenuViewController */ = {
			isa = PBXGroup;
			children = (
				FC585A501928386D0096B8DE /* ViewController.h */,
				FC585A511928386D0096B8DE /* ViewController.m */,
			);
			name = MenuViewController;
			sourceTree = "<group>";
		};
		FC585A7C1928403A0096B8DE /* HowToPlayViewController */ = {
			isa = PBXGroup;
			children = (
				FC585A78192840230096B8DE /* HowToPlayViewController.h */,
				FC585A79192840230096B8DE /* HowToPlayViewController.m */,
			);
			name = HowToPlayViewController;
			sourceTree = "<group>";
		};
		FC585A81192842440096B8DE /* StateViewController */ = {
			isa = PBXGroup;
			children = (
				FC585A7E1928423F0096B8DE /* StateViewController.h */,
				FC585A7F1928423F0096B8DE /* StateViewController.m */,
			);
			name = StateViewController;
			sourceTree = "<group>";
		};
		FC585A85192846210096B8DE /* SeekPanelViewController */ = {
			isa = PBXGroup;
			children = (
				FC585A821928461B0096B8DE /* SeekPanelViewController.h */,
				FC585A831928461B0096B8DE /* SeekPanelViewController.m */,
				FCA2704019285059002C454E /* SeekPanelView */,
				FC45C84B19284D000064D2EC /* SearchingBox */,
			);
			name = SeekPanelViewController;
			sourceTree = "<group>";
		};
		FCA2704019285059002C454E /* SeekPanelView */ = {
			isa = PBXGroup;
			children = (
				FCA2703B19285054002C454E /* SeekPanelView.h */,
				FCA2703C19285054002C454E /* SeekPanelView.m */,
				FCA2703D19285054002C454E /* SeekPanelView.xib */,
			);
			name = SeekPanelView;
			sourceTree = "<group>";
		};
/* End PBXGroup section */

/* Begin PBXNativeTarget section */
		FC585A371928386D0096B8DE /* iOSCon-FindMyEstimote */ = {
			isa = PBXNativeTarget;
			buildConfigurationList = FC585A6A1928386D0096B8DE /* Build configuration list for PBXNativeTarget "iOSCon-FindMyEstimote" */;
			buildPhases = (
				EA6A58F052F84B9E9BBDA569 /* Check Pods Manifest.lock */,
				FC585A341928386D0096B8DE /* Sources */,
				FC585A351928386D0096B8DE /* Frameworks */,
				FC585A361928386D0096B8DE /* Resources */,
				43ED6E43CDD8407C928DA326 /* Copy Pods Resources */,
			);
			buildRules = (
			);
			dependencies = (
			);
			name = "iOSCon-FindMyEstimote";
			productName = "iOSCon-FindMyEstimote";
			productReference = FC585A381928386D0096B8DE /* iOSCon-FindMyEstimote.app */;
			productType = "com.apple.product-type.application";
		};
		FC585A581928386D0096B8DE /* iOSCon-FindMyEstimoteTests */ = {
			isa = PBXNativeTarget;
			buildConfigurationList = FC585A6D1928386D0096B8DE /* Build configuration list for PBXNativeTarget "iOSCon-FindMyEstimoteTests" */;
			buildPhases = (
				FC585A551928386D0096B8DE /* Sources */,
				FC585A561928386D0096B8DE /* Frameworks */,
				FC585A571928386D0096B8DE /* Resources */,
			);
			buildRules = (
			);
			dependencies = (
				FC585A5F1928386D0096B8DE /* PBXTargetDependency */,
			);
			name = "iOSCon-FindMyEstimoteTests";
			productName = "iOSCon-FindMyEstimoteTests";
			productReference = FC585A591928386D0096B8DE /* iOSCon-FindMyEstimoteTests.xctest */;
			productType = "com.apple.product-type.bundle.unit-test";
		};
/* End PBXNativeTarget section */

/* Begin PBXProject section */
		FC585A301928386D0096B8DE /* Project object */ = {
			isa = PBXProject;
			attributes = {
				LastUpgradeCheck = 0510;
				ORGANIZATIONNAME = sferrini;
				TargetAttributes = {
					FC585A581928386D0096B8DE = {
						TestTargetID = FC585A371928386D0096B8DE;
					};
				};
			};
			buildConfigurationList = FC585A331928386D0096B8DE /* Build configuration list for PBXProject "iOSCon-FindMyEstimote" */;
			compatibilityVersion = "Xcode 3.2";
			developmentRegion = English;
			hasScannedForEncodings = 0;
			knownRegions = (
				en,
				Base,
			);
			mainGroup = FC585A2F1928386D0096B8DE;
			productRefGroup = FC585A391928386D0096B8DE /* Products */;
			projectDirPath = "";
			projectRoot = "";
			targets = (
				FC585A371928386D0096B8DE /* iOSCon-FindMyEstimote */,
				FC585A581928386D0096B8DE /* iOSCon-FindMyEstimoteTests */,
			);
		};
/* End PBXProject section */

/* Begin PBXResourcesBuildPhase section */
		FC585A361928386D0096B8DE /* Resources */ = {
			isa = PBXResourcesBuildPhase;
			buildActionMask = 2147483647;
			files = (
				FC585A7319283A850096B8DE /* estimote.png in Resources */,
				FC585A541928386D0096B8DE /* Images.xcassets in Resources */,
				FC45C84A19284CF70064D2EC /* SearchingBox.xib in Resources */,
				FC585A461928386D0096B8DE /* InfoPlist.strings in Resources */,
				FCA2703F19285054002C454E /* SeekPanelView.xib in Resources */,
				FC585A7219283A850096B8DE /* back-arrow.png in Resources */,
				FC585A4F1928386D0096B8DE /* Main.storyboard in Resources */,
			);
			runOnlyForDeploymentPostprocessing = 0;
		};
		FC585A571928386D0096B8DE /* Resources */ = {
			isa = PBXResourcesBuildPhase;
			buildActionMask = 2147483647;
			files = (
				FC585A651928386D0096B8DE /* InfoPlist.strings in Resources */,
			);
			runOnlyForDeploymentPostprocessing = 0;
		};
/* End PBXResourcesBuildPhase section */

/* Begin PBXShellScriptBuildPhase section */
		43ED6E43CDD8407C928DA326 /* Copy Pods Resources */ = {
			isa = PBXShellScriptBuildPhase;
			buildActionMask = 2147483647;
			files = (
			);
			inputPaths = (
			);
			name = "Copy Pods Resources";
			outputPaths = (
			);
			runOnlyForDeploymentPostprocessing = 0;
			shellPath = /bin/sh;
			shellScript = "\"${SRCROOT}/Pods/Pods-resources.sh\"\n";
			showEnvVarsInLog = 0;
		};
		EA6A58F052F84B9E9BBDA569 /* Check Pods Manifest.lock */ = {
			isa = PBXShellScriptBuildPhase;
			buildActionMask = 2147483647;
			files = (
			);
			inputPaths = (
			);
			name = "Check Pods Manifest.lock";
			outputPaths = (
			);
			runOnlyForDeploymentPostprocessing = 0;
			shellPath = /bin/sh;
			shellScript = "diff \"${PODS_ROOT}/../Podfile.lock\" \"${PODS_ROOT}/Manifest.lock\" > /dev/null\nif [[ $? != 0 ]] ; then\n    cat << EOM\nerror: The sandbox is not in sync with the Podfile.lock. Run 'pod install' or update your CocoaPods installation.\nEOM\n    exit 1\nfi\n";
			showEnvVarsInLog = 0;
		};
/* End PBXShellScriptBuildPhase section */

/* Begin PBXSourcesBuildPhase section */
		FC585A341928386D0096B8DE /* Sources */ = {
			isa = PBXSourcesBuildPhase;
			buildActionMask = 2147483647;
			files = (
				FC585A7619283E150096B8DE /* CAGradientLayer+FMEGradients.m in Sources */,
				FC585A521928386D0096B8DE /* ViewController.m in Sources */,
				FC585A801928423F0096B8DE /* StateViewController.m in Sources */,
				FC585A4C1928386D0096B8DE /* AppDelegate.m in Sources */,
				FC585A841928461B0096B8DE /* SeekPanelViewController.m in Sources */,
				FC585A7A192840230096B8DE /* HowToPlayViewController.m in Sources */,
				FCA2703E19285054002C454E /* SeekPanelView.m in Sources */,
				FC45C84919284CF70064D2EC /* SearchingBox.m in Sources */,
				FC585A481928386D0096B8DE /* main.m in Sources */,
			);
			runOnlyForDeploymentPostprocessing = 0;
		};
		FC585A551928386D0096B8DE /* Sources */ = {
			isa = PBXSourcesBuildPhase;
			buildActionMask = 2147483647;
			files = (
				FC585A671928386D0096B8DE /* iOSCon_FindMyEstimoteTests.m in Sources */,
			);
			runOnlyForDeploymentPostprocessing = 0;
		};
/* End PBXSourcesBuildPhase section */

/* Begin PBXTargetDependency section */
		FC585A5F1928386D0096B8DE /* PBXTargetDependency */ = {
			isa = PBXTargetDependency;
			target = FC585A371928386D0096B8DE /* iOSCon-FindMyEstimote */;
			targetProxy = FC585A5E1928386D0096B8DE /* PBXContainerItemProxy */;
		};
/* End PBXTargetDependency section */

/* Begin PBXVariantGroup section */
		FC585A441928386D0096B8DE /* InfoPlist.strings */ = {
			isa = PBXVariantGroup;
			children = (
				FC585A451928386D0096B8DE /* en */,
			);
			name = InfoPlist.strings;
			sourceTree = "<group>";
		};
		FC585A4D1928386D0096B8DE /* Main.storyboard */ = {
			isa = PBXVariantGroup;
			children = (
				FC585A4E1928386D0096B8DE /* Base */,
			);
			name = Main.storyboard;
			sourceTree = "<group>";
		};
		FC585A631928386D0096B8DE /* InfoPlist.strings */ = {
			isa = PBXVariantGroup;
			children = (
				FC585A641928386D0096B8DE /* en */,
			);
			name = InfoPlist.strings;
			sourceTree = "<group>";
		};
/* End PBXVariantGroup section */

/* Begin XCBuildConfiguration section */
		FC585A681928386D0096B8DE /* Debug */ = {
			isa = XCBuildConfiguration;
			buildSettings = {
				ALWAYS_SEARCH_USER_PATHS = NO;
				CLANG_CXX_LANGUAGE_STANDARD = "gnu++0x";
				CLANG_CXX_LIBRARY = "libc++";
				CLANG_ENABLE_MODULES = YES;
				CLANG_ENABLE_OBJC_ARC = YES;
				CLANG_WARN_BOOL_CONVERSION = YES;
				CLANG_WARN_CONSTANT_CONVERSION = YES;
				CLANG_WARN_DIRECT_OBJC_ISA_USAGE = YES_ERROR;
				CLANG_WARN_EMPTY_BODY = YES;
				CLANG_WARN_ENUM_CONVERSION = YES;
				CLANG_WARN_INT_CONVERSION = YES;
				CLANG_WARN_OBJC_ROOT_CLASS = YES_ERROR;
				CLANG_WARN__DUPLICATE_METHOD_MATCH = YES;
				"CODE_SIGN_IDENTITY[sdk=iphoneos*]" = "iPhone Developer";
				COPY_PHASE_STRIP = NO;
				GCC_C_LANGUAGE_STANDARD = gnu99;
				GCC_DYNAMIC_NO_PIC = NO;
				GCC_OPTIMIZATION_LEVEL = 0;
				GCC_PREPROCESSOR_DEFINITIONS = (
					"DEBUG=1",
					"$(inherited)",
				);
				GCC_SYMBOLS_PRIVATE_EXTERN = NO;
				GCC_WARN_64_TO_32_BIT_CONVERSION = YES;
				GCC_WARN_ABOUT_RETURN_TYPE = YES_ERROR;
				GCC_WARN_UNDECLARED_SELECTOR = YES;
				GCC_WARN_UNINITIALIZED_AUTOS = YES_AGGRESSIVE;
				GCC_WARN_UNUSED_FUNCTION = YES;
				GCC_WARN_UNUSED_VARIABLE = YES;
				IPHONEOS_DEPLOYMENT_TARGET = 7.1;
				ONLY_ACTIVE_ARCH = YES;
				SDKROOT = iphoneos;
			};
			name = Debug;
		};
		FC585A691928386D0096B8DE /* Release */ = {
			isa = XCBuildConfiguration;
			buildSettings = {
				ALWAYS_SEARCH_USER_PATHS = NO;
				CLANG_CXX_LANGUAGE_STANDARD = "gnu++0x";
				CLANG_CXX_LIBRARY = "libc++";
				CLANG_ENABLE_MODULES = YES;
				CLANG_ENABLE_OBJC_ARC = YES;
				CLANG_WARN_BOOL_CONVERSION = YES;
				CLANG_WARN_CONSTANT_CONVERSION = YES;
				CLANG_WARN_DIRECT_OBJC_ISA_USAGE = YES_ERROR;
				CLANG_WARN_EMPTY_BODY = YES;
				CLANG_WARN_ENUM_CONVERSION = YES;
				CLANG_WARN_INT_CONVERSION = YES;
				CLANG_WARN_OBJC_ROOT_CLASS = YES_ERROR;
				CLANG_WARN__DUPLICATE_METHOD_MATCH = YES;
				"CODE_SIGN_IDENTITY[sdk=iphoneos*]" = "iPhone Developer";
				COPY_PHASE_STRIP = YES;
				ENABLE_NS_ASSERTIONS = NO;
				GCC_C_LANGUAGE_STANDARD = gnu99;
				GCC_WARN_64_TO_32_BIT_CONVERSION = YES;
				GCC_WARN_ABOUT_RETURN_TYPE = YES_ERROR;
				GCC_WARN_UNDECLARED_SELECTOR = YES;
				GCC_WARN_UNINITIALIZED_AUTOS = YES_AGGRESSIVE;
				GCC_WARN_UNUSED_FUNCTION = YES;
				GCC_WARN_UNUSED_VARIABLE = YES;
				IPHONEOS_DEPLOYMENT_TARGET = 7.1;
				SDKROOT = iphoneos;
				VALIDATE_PRODUCT = YES;
			};
			name = Release;
		};
		FC585A6B1928386D0096B8DE /* Debug */ = {
			isa = XCBuildConfiguration;
			baseConfigurationReference = 4818730F25744785A448190B /* Pods.xcconfig */;
			buildSettings = {
				ASSETCATALOG_COMPILER_APPICON_NAME = AppIcon;
				ASSETCATALOG_COMPILER_LAUNCHIMAGE_NAME = LaunchImage;
				GCC_PRECOMPILE_PREFIX_HEADER = YES;
				GCC_PREFIX_HEADER = "iOSCon-FindMyEstimote/iOSCon-FindMyEstimote-Prefix.pch";
				INFOPLIST_FILE = "iOSCon-FindMyEstimote/iOSCon-FindMyEstimote-Info.plist";
				IPHONEOS_DEPLOYMENT_TARGET = 7.0;
				PRODUCT_NAME = "$(TARGET_NAME)";
				WRAPPER_EXTENSION = app;
			};
			name = Debug;
		};
		FC585A6C1928386D0096B8DE /* Release */ = {
			isa = XCBuildConfiguration;
			baseConfigurationReference = 4818730F25744785A448190B /* Pods.xcconfig */;
			buildSettings = {
				ASSETCATALOG_COMPILER_APPICON_NAME = AppIcon;
				ASSETCATALOG_COMPILER_LAUNCHIMAGE_NAME = LaunchImage;
				GCC_PRECOMPILE_PREFIX_HEADER = YES;
				GCC_PREFIX_HEADER = "iOSCon-FindMyEstimote/iOSCon-FindMyEstimote-Prefix.pch";
				INFOPLIST_FILE = "iOSCon-FindMyEstimote/iOSCon-FindMyEstimote-Info.plist";
				IPHONEOS_DEPLOYMENT_TARGET = 7.0;
				PRODUCT_NAME = "$(TARGET_NAME)";
				WRAPPER_EXTENSION = app;
			};
			name = Release;
		};
		FC585A6E1928386D0096B8DE /* Debug */ = {
			isa = XCBuildConfiguration;
			buildSettings = {
				BUNDLE_LOADER = "$(BUILT_PRODUCTS_DIR)/iOSCon-FindMyEstimote.app/iOSCon-FindMyEstimote";
				FRAMEWORK_SEARCH_PATHS = (
					"$(SDKROOT)/Developer/Library/Frameworks",
					"$(inherited)",
					"$(DEVELOPER_FRAMEWORKS_DIR)",
				);
				GCC_PRECOMPILE_PREFIX_HEADER = YES;
				GCC_PREFIX_HEADER = "iOSCon-FindMyEstimote/iOSCon-FindMyEstimote-Prefix.pch";
				GCC_PREPROCESSOR_DEFINITIONS = (
					"DEBUG=1",
					"$(inherited)",
				);
				INFOPLIST_FILE = "iOSCon-FindMyEstimoteTests/iOSCon-FindMyEstimoteTests-Info.plist";
				PRODUCT_NAME = "$(TARGET_NAME)";
				TEST_HOST = "$(BUNDLE_LOADER)";
				WRAPPER_EXTENSION = xctest;
			};
			name = Debug;
		};
		FC585A6F1928386D0096B8DE /* Release */ = {
			isa = XCBuildConfiguration;
			buildSettings = {
				BUNDLE_LOADER = "$(BUILT_PRODUCTS_DIR)/iOSCon-FindMyEstimote.app/iOSCon-FindMyEstimote";
				FRAMEWORK_SEARCH_PATHS = (
					"$(SDKROOT)/Developer/Library/Frameworks",
					"$(inherited)",
					"$(DEVELOPER_FRAMEWORKS_DIR)",
				);
				GCC_PRECOMPILE_PREFIX_HEADER = YES;
				GCC_PREFIX_HEADER = "iOSCon-FindMyEstimote/iOSCon-FindMyEstimote-Prefix.pch";
				INFOPLIST_FILE = "iOSCon-FindMyEstimoteTests/iOSCon-FindMyEstimoteTests-Info.plist";
				PRODUCT_NAME = "$(TARGET_NAME)";
				TEST_HOST = "$(BUNDLE_LOADER)";
				WRAPPER_EXTENSION = xctest;
			};
			name = Release;
		};
/* End XCBuildConfiguration section */

/* Begin XCConfigurationList section */
		FC585A331928386D0096B8DE /* Build configuration list for PBXProject "iOSCon-FindMyEstimote" */ = {
			isa = XCConfigurationList;
			buildConfigurations = (
				FC585A681928386D0096B8DE /* Debug */,
				FC585A691928386D0096B8DE /* Release */,
			);
			defaultConfigurationIsVisible = 0;
			defaultConfigurationName = Release;
		};
		FC585A6A1928386D0096B8DE /* Build configuration list for PBXNativeTarget "iOSCon-FindMyEstimote" */ = {
			isa = XCConfigurationList;
			buildConfigurations = (
				FC585A6B1928386D0096B8DE /* Debug */,
				FC585A6C1928386D0096B8DE /* Release */,
			);
			defaultConfigurationIsVisible = 0;
			defaultConfigurationName = Release;
		};
		FC585A6D1928386D0096B8DE /* Build configuration list for PBXNativeTarget "iOSCon-FindMyEstimoteTests" */ = {
			isa = XCConfigurationList;
			buildConfigurations = (
				FC585A6E1928386D0096B8DE /* Debug */,
				FC585A6F1928386D0096B8DE /* Release */,
			);
			defaultConfigurationIsVisible = 0;
			defaultConfigurationName = Release;
		};
/* End XCConfigurationList section */
	};
	rootObject = FC585A301928386D0096B8DE /* Project object */;
}
